// !$*UTF8*$!
{
	archiveVersion = 1;
	classes = {
	};
	objectVersion = 50;
	objects = {

/* Begin PBXBuildFile section */
		FC1090C424E7783A00AC59AE /* DKMediaPlayerView.xib in Resources */ = {isa = PBXBuildFile; fileRef = FC1090C324E7783A00AC59AE /* DKMediaPlayerView.xib */; };
		FC1090C724E7820F00AC59AE /* DKMediaPlayerVC.m in Sources */ = {isa = PBXBuildFile; fileRef = FC1090C624E7820F00AC59AE /* DKMediaPlayerVC.m */; };
		FC1090CA24E7824900AC59AE /* DKMediaPlayerView.m in Sources */ = {isa = PBXBuildFile; fileRef = FC1090C924E7824900AC59AE /* DKMediaPlayerView.m */; };
		FC67D2E824E28D610083FC40 /* AVPlayerPAssetVC.m in Sources */ = {isa = PBXBuildFile; fileRef = FC67D2E724E28D610083FC40 /* AVPlayerPAssetVC.m */; };
		FC8F429D24E7B401006981B4 /* DKMediaSliderView.m in Sources */ = {isa = PBXBuildFile; fileRef = FC8F429924E7B400006981B4 /* DKMediaSliderView.m */; };
		FC8F429E24E7B401006981B4 /* DKMediaSlider.m in Sources */ = {isa = PBXBuildFile; fileRef = FC8F429B24E7B400006981B4 /* DKMediaSlider.m */; };
		FC8F429F24E7B401006981B4 /* DKMediaSliderView.xib in Resources */ = {isa = PBXBuildFile; fileRef = FC8F429C24E7B400006981B4 /* DKMediaSliderView.xib */; };
		FC8F42A424E7C084006981B4 /* UIView+Frame.m in Sources */ = {isa = PBXBuildFile; fileRef = FC8F42A224E7C084006981B4 /* UIView+Frame.m */; };
		FC8F42A824E7C0F4006981B4 /* VideoAndAudioConst.m in Sources */ = {isa = PBXBuildFile; fileRef = FC8F42A724E7C0F4006981B4 /* VideoAndAudioConst.m */; };
		FC8F42AB24EAB678006981B4 /* SysCameraLaunch.m in Sources */ = {isa = PBXBuildFile; fileRef = FC8F42AA24EAB678006981B4 /* SysCameraLaunch.m */; };
		FCAB453024E78D7500C4014A /* BaseViewVC.m in Sources */ = {isa = PBXBuildFile; fileRef = FCAB452F24E78D7500C4014A /* BaseViewVC.m */; };
		FCD1D6D924DAF0F1007EED8C /* AppDelegate.m in Sources */ = {isa = PBXBuildFile; fileRef = FCD1D6D824DAF0F1007EED8C /* AppDelegate.m */; };
		FCD1D6DC24DAF0F1007EED8C /* SceneDelegate.m in Sources */ = {isa = PBXBuildFile; fileRef = FCD1D6DB24DAF0F1007EED8C /* SceneDelegate.m */; };
		FCD1D6DF24DAF0F1007EED8C /* MainVC.m in Sources */ = {isa = PBXBuildFile; fileRef = FCD1D6DE24DAF0F1007EED8C /* MainVC.m */; };
		FCD1D6E224DAF0F1007EED8C /* Main.storyboard in Resources */ = {isa = PBXBuildFile; fileRef = FCD1D6E024DAF0F1007EED8C /* Main.storyboard */; };
		FCD1D6E424DAF0F2007EED8C /* Assets.xcassets in Resources */ = {isa = PBXBuildFile; fileRef = FCD1D6E324DAF0F2007EED8C /* Assets.xcassets */; };
		FCD1D6E724DAF0F2007EED8C /* LaunchScreen.storyboard in Resources */ = {isa = PBXBuildFile; fileRef = FCD1D6E524DAF0F2007EED8C /* LaunchScreen.storyboard */; };
		FCD1D6EA24DAF0F2007EED8C /* main.m in Sources */ = {isa = PBXBuildFile; fileRef = FCD1D6E924DAF0F2007EED8C /* main.m */; };
		FCD1D6F524DAF145007EED8C /* AppDelegate.swift in Sources */ = {isa = PBXBuildFile; fileRef = FCD1D6F424DAF145007EED8C /* AppDelegate.swift */; };
		FCD1D6F724DAF145007EED8C /* SceneDelegate.swift in Sources */ = {isa = PBXBuildFile; fileRef = FCD1D6F624DAF145007EED8C /* SceneDelegate.swift */; };
		FCD1D6F924DAF145007EED8C /* ViewController.swift in Sources */ = {isa = PBXBuildFile; fileRef = FCD1D6F824DAF145007EED8C /* ViewController.swift */; };
		FCD1D6FC24DAF145007EED8C /* Main.storyboard in Resources */ = {isa = PBXBuildFile; fileRef = FCD1D6FA24DAF145007EED8C /* Main.storyboard */; };
		FCD1D6FE24DAF146007EED8C /* Assets.xcassets in Resources */ = {isa = PBXBuildFile; fileRef = FCD1D6FD24DAF146007EED8C /* Assets.xcassets */; };
		FCD1D70124DAF146007EED8C /* LaunchScreen.storyboard in Resources */ = {isa = PBXBuildFile; fileRef = FCD1D6FF24DAF146007EED8C /* LaunchScreen.storyboard */; };
		FCD1D70724DE355F007EED8C /* readme.md in Resources */ = {isa = PBXBuildFile; fileRef = FCD1D70624DE355F007EED8C /* readme.md */; };
		FCD1D71124DE80E9007EED8C /* src in Resources */ = {isa = PBXBuildFile; fileRef = FCD1D71024DE80E9007EED8C /* src */; };
		FCD1D71524DE8BAA007EED8C /* src in Resources */ = {isa = PBXBuildFile; fileRef = FCD1D71424DE8BAA007EED8C /* src */; };
		FCD1D71824E22000007EED8C /* AVPlayViewVC.m in Sources */ = {isa = PBXBuildFile; fileRef = FCD1D71724E22000007EED8C /* AVPlayViewVC.m */; };
		FCD1D71F24E227DB007EED8C /* AVListCell.m in Sources */ = {isa = PBXBuildFile; fileRef = FCD1D71D24E227DB007EED8C /* AVListCell.m */; };
		FCD1D72024E227DB007EED8C /* AVListCell.xib in Resources */ = {isa = PBXBuildFile; fileRef = FCD1D71E24E227DB007EED8C /* AVListCell.xib */; };
		FCD1D72324E227EE007EED8C /* AVListModel.m in Sources */ = {isa = PBXBuildFile; fileRef = FCD1D72224E227EE007EED8C /* AVListModel.m */; };
		FCD1D72624E22C2D007EED8C /* AVPlayerPLocalVC.m in Sources */ = {isa = PBXBuildFile; fileRef = FCD1D72524E22C2D007EED8C /* AVPlayerPLocalVC.m */; };
		FCE918FF24FB38F800CBB795 /* SLVideoTool.m in Sources */ = {isa = PBXBuildFile; fileRef = FCE918FE24FB38F800CBB795 /* SLVideoTool.m */; };
		FCE9190224FB393E00CBB795 /* OISamplebufferRef.m in Sources */ = {isa = PBXBuildFile; fileRef = FCE9190124FB393E00CBB795 /* OISamplebufferRef.m */; };
		FCE9190524FB397800CBB795 /* PCMPlayer.m in Sources */ = {isa = PBXBuildFile; fileRef = FCE9190424FB397800CBB795 /* PCMPlayer.m */; };
		FCE9190824FB3E8C00CBB795 /* SLVideoToolVC.m in Sources */ = {isa = PBXBuildFile; fileRef = FCE9190724FB3E8C00CBB795 /* SLVideoToolVC.m */; };
		FCE9190B24FB3ECD00CBB795 /* jointVideo.m in Sources */ = {isa = PBXBuildFile; fileRef = FCE9190A24FB3ECD00CBB795 /* jointVideo.m */; };
/* End PBXBuildFile section */

/* Begin PBXFileReference section */
		FC1090C324E7783A00AC59AE /* DKMediaPlayerView.xib */ = {isa = PBXFileReference; lastKnownFileType = file.xib; path = DKMediaPlayerView.xib; sourceTree = "<group>"; };
		FC1090C524E7820F00AC59AE /* DKMediaPlayerVC.h */ = {isa = PBXFileReference; lastKnownFileType = sourcecode.c.h; path = DKMediaPlayerVC.h; sourceTree = "<group>"; };
		FC1090C624E7820F00AC59AE /* DKMediaPlayerVC.m */ = {isa = PBXFileReference; lastKnownFileType = sourcecode.c.objc; path = DKMediaPlayerVC.m; sourceTree = "<group>"; };
		FC1090C824E7824900AC59AE /* DKMediaPlayerView.h */ = {isa = PBXFileReference; lastKnownFileType = sourcecode.c.h; path = DKMediaPlayerView.h; sourceTree = "<group>"; };
		FC1090C924E7824900AC59AE /* DKMediaPlayerView.m */ = {isa = PBXFileReference; lastKnownFileType = sourcecode.c.objc; path = DKMediaPlayerView.m; sourceTree = "<group>"; };
		FC67D2E624E28D610083FC40 /* AVPlayerPAssetVC.h */ = {isa = PBXFileReference; lastKnownFileType = sourcecode.c.h; path = AVPlayerPAssetVC.h; sourceTree = "<group>"; };
		FC67D2E724E28D610083FC40 /* AVPlayerPAssetVC.m */ = {isa = PBXFileReference; lastKnownFileType = sourcecode.c.objc; path = AVPlayerPAssetVC.m; sourceTree = "<group>"; };
		FC8F429824E7B400006981B4 /* DKMediaSlider.h */ = {isa = PBXFileReference; fileEncoding = 4; lastKnownFileType = sourcecode.c.h; path = DKMediaSlider.h; sourceTree = "<group>"; };
		FC8F429924E7B400006981B4 /* DKMediaSliderView.m */ = {isa = PBXFileReference; fileEncoding = 4; lastKnownFileType = sourcecode.c.objc; path = DKMediaSliderView.m; sourceTree = "<group>"; };
		FC8F429A24E7B400006981B4 /* DKMediaSliderView.h */ = {isa = PBXFileReference; fileEncoding = 4; lastKnownFileType = sourcecode.c.h; path = DKMediaSliderView.h; sourceTree = "<group>"; };
		FC8F429B24E7B400006981B4 /* DKMediaSlider.m */ = {isa = PBXFileReference; fileEncoding = 4; lastKnownFileType = sourcecode.c.objc; path = DKMediaSlider.m; sourceTree = "<group>"; };
		FC8F429C24E7B400006981B4 /* DKMediaSliderView.xib */ = {isa = PBXFileReference; fileEncoding = 4; lastKnownFileType = file.xib; path = DKMediaSliderView.xib; sourceTree = "<group>"; };
		FC8F42A224E7C084006981B4 /* UIView+Frame.m */ = {isa = PBXFileReference; fileEncoding = 4; lastKnownFileType = sourcecode.c.objc; path = "UIView+Frame.m"; sourceTree = "<group>"; };
		FC8F42A324E7C084006981B4 /* UIView+Frame.h */ = {isa = PBXFileReference; fileEncoding = 4; lastKnownFileType = sourcecode.c.h; path = "UIView+Frame.h"; sourceTree = "<group>"; };
		FC8F42A524E7C0AF006981B4 /* VideoAndAudio.pch */ = {isa = PBXFileReference; fileEncoding = 4; lastKnownFileType = sourcecode.c.h; path = VideoAndAudio.pch; sourceTree = "<group>"; };
		FC8F42A624E7C0F4006981B4 /* VideoAndAudioConst.h */ = {isa = PBXFileReference; fileEncoding = 4; lastKnownFileType = sourcecode.c.h; path = VideoAndAudioConst.h; sourceTree = "<group>"; };
		FC8F42A724E7C0F4006981B4 /* VideoAndAudioConst.m */ = {isa = PBXFileReference; fileEncoding = 4; lastKnownFileType = sourcecode.c.objc; path = VideoAndAudioConst.m; sourceTree = "<group>"; };
		FC8F42A924EAB678006981B4 /* SysCameraLaunch.h */ = {isa = PBXFileReference; lastKnownFileType = sourcecode.c.h; path = SysCameraLaunch.h; sourceTree = "<group>"; };
		FC8F42AA24EAB678006981B4 /* SysCameraLaunch.m */ = {isa = PBXFileReference; lastKnownFileType = sourcecode.c.objc; path = SysCameraLaunch.m; sourceTree = "<group>"; };
		FCAB452E24E78D7500C4014A /* BaseViewVC.h */ = {isa = PBXFileReference; lastKnownFileType = sourcecode.c.h; path = BaseViewVC.h; sourceTree = "<group>"; };
		FCAB452F24E78D7500C4014A /* BaseViewVC.m */ = {isa = PBXFileReference; lastKnownFileType = sourcecode.c.objc; path = BaseViewVC.m; sourceTree = "<group>"; };
		FCD1D6D524DAF0F1007EED8C /* 媒体文件播放_OC.app */ = {isa = PBXFileReference; explicitFileType = wrapper.application; includeInIndex = 0; path = "媒体文件播放_OC.app"; sourceTree = BUILT_PRODUCTS_DIR; };
		FCD1D6D724DAF0F1007EED8C /* AppDelegate.h */ = {isa = PBXFileReference; lastKnownFileType = sourcecode.c.h; path = AppDelegate.h; sourceTree = "<group>"; };
		FCD1D6D824DAF0F1007EED8C /* AppDelegate.m */ = {isa = PBXFileReference; lastKnownFileType = sourcecode.c.objc; path = AppDelegate.m; sourceTree = "<group>"; };
		FCD1D6DA24DAF0F1007EED8C /* SceneDelegate.h */ = {isa = PBXFileReference; lastKnownFileType = sourcecode.c.h; path = SceneDelegate.h; sourceTree = "<group>"; };
		FCD1D6DB24DAF0F1007EED8C /* SceneDelegate.m */ = {isa = PBXFileReference; lastKnownFileType = sourcecode.c.objc; path = SceneDelegate.m; sourceTree = "<group>"; };
		FCD1D6DD24DAF0F1007EED8C /* MainVC.h */ = {isa = PBXFileReference; lastKnownFileType = sourcecode.c.h; path = MainVC.h; sourceTree = "<group>"; };
		FCD1D6DE24DAF0F1007EED8C /* MainVC.m */ = {isa = PBXFileReference; lastKnownFileType = sourcecode.c.objc; path = MainVC.m; sourceTree = "<group>"; };
		FCD1D6E124DAF0F1007EED8C /* Base */ = {isa = PBXFileReference; lastKnownFileType = file.storyboard; name = Base; path = Base.lproj/Main.storyboard; sourceTree = "<group>"; };
		FCD1D6E324DAF0F2007EED8C /* Assets.xcassets */ = {isa = PBXFileReference; lastKnownFileType = folder.assetcatalog; path = Assets.xcassets; sourceTree = "<group>"; };
		FCD1D6E624DAF0F2007EED8C /* Base */ = {isa = PBXFileReference; lastKnownFileType = file.storyboard; name = Base; path = Base.lproj/LaunchScreen.storyboard; sourceTree = "<group>"; };
		FCD1D6E824DAF0F2007EED8C /* Info.plist */ = {isa = PBXFileReference; lastKnownFileType = text.plist.xml; path = Info.plist; sourceTree = "<group>"; };
		FCD1D6E924DAF0F2007EED8C /* main.m */ = {isa = PBXFileReference; lastKnownFileType = sourcecode.c.objc; path = main.m; sourceTree = "<group>"; };
		FCD1D6F224DAF145007EED8C /* 媒体文件播放_Swift.app */ = {isa = PBXFileReference; explicitFileType = wrapper.application; includeInIndex = 0; path = "媒体文件播放_Swift.app"; sourceTree = BUILT_PRODUCTS_DIR; };
		FCD1D6F424DAF145007EED8C /* AppDelegate.swift */ = {isa = PBXFileReference; lastKnownFileType = sourcecode.swift; path = AppDelegate.swift; sourceTree = "<group>"; };
		FCD1D6F624DAF145007EED8C /* SceneDelegate.swift */ = {isa = PBXFileReference; lastKnownFileType = sourcecode.swift; path = SceneDelegate.swift; sourceTree = "<group>"; };
		FCD1D6F824DAF145007EED8C /* ViewController.swift */ = {isa = PBXFileReference; lastKnownFileType = sourcecode.swift; path = ViewController.swift; sourceTree = "<group>"; };
		FCD1D6FB24DAF145007EED8C /* Base */ = {isa = PBXFileReference; lastKnownFileType = file.storyboard; name = Base; path = Base.lproj/Main.storyboard; sourceTree = "<group>"; };
		FCD1D6FD24DAF146007EED8C /* Assets.xcassets */ = {isa = PBXFileReference; lastKnownFileType = folder.assetcatalog; path = Assets.xcassets; sourceTree = "<group>"; };
		FCD1D70024DAF146007EED8C /* Base */ = {isa = PBXFileReference; lastKnownFileType = file.storyboard; name = Base; path = Base.lproj/LaunchScreen.storyboard; sourceTree = "<group>"; };
		FCD1D70224DAF146007EED8C /* Info.plist */ = {isa = PBXFileReference; lastKnownFileType = text.plist.xml; path = Info.plist; sourceTree = "<group>"; };
		FCD1D70624DE355F007EED8C /* readme.md */ = {isa = PBXFileReference; fileEncoding = 4; lastKnownFileType = net.daringfireball.markdown; path = readme.md; sourceTree = "<group>"; };
		FCD1D71024DE80E9007EED8C /* src */ = {isa = PBXFileReference; fileEncoding = 4; lastKnownFileType = text; path = src; sourceTree = SOURCE_ROOT; };
		FCD1D71424DE8BAA007EED8C /* src */ = {isa = PBXFileReference; fileEncoding = 4; lastKnownFileType = text; path = src; sourceTree = SOURCE_ROOT; };
		FCD1D71624E22000007EED8C /* AVPlayViewVC.h */ = {isa = PBXFileReference; lastKnownFileType = sourcecode.c.h; path = AVPlayViewVC.h; sourceTree = "<group>"; };
		FCD1D71724E22000007EED8C /* AVPlayViewVC.m */ = {isa = PBXFileReference; lastKnownFileType = sourcecode.c.objc; path = AVPlayViewVC.m; sourceTree = "<group>"; };
		FCD1D71C24E227DB007EED8C /* AVListCell.h */ = {isa = PBXFileReference; lastKnownFileType = sourcecode.c.h; path = AVListCell.h; sourceTree = "<group>"; };
		FCD1D71D24E227DB007EED8C /* AVListCell.m */ = {isa = PBXFileReference; lastKnownFileType = sourcecode.c.objc; path = AVListCell.m; sourceTree = "<group>"; };
		FCD1D71E24E227DB007EED8C /* AVListCell.xib */ = {isa = PBXFileReference; lastKnownFileType = file.xib; path = AVListCell.xib; sourceTree = "<group>"; };
		FCD1D72124E227EE007EED8C /* AVListModel.h */ = {isa = PBXFileReference; lastKnownFileType = sourcecode.c.h; path = AVListModel.h; sourceTree = "<group>"; };
		FCD1D72224E227EE007EED8C /* AVListModel.m */ = {isa = PBXFileReference; lastKnownFileType = sourcecode.c.objc; path = AVListModel.m; sourceTree = "<group>"; };
		FCD1D72424E22C2D007EED8C /* AVPlayerPLocalVC.h */ = {isa = PBXFileReference; lastKnownFileType = sourcecode.c.h; path = AVPlayerPLocalVC.h; sourceTree = "<group>"; };
		FCD1D72524E22C2D007EED8C /* AVPlayerPLocalVC.m */ = {isa = PBXFileReference; lastKnownFileType = sourcecode.c.objc; path = AVPlayerPLocalVC.m; sourceTree = "<group>"; };
		FCE918FD24FB38F800CBB795 /* SLVideoTool.h */ = {isa = PBXFileReference; lastKnownFileType = sourcecode.c.h; path = SLVideoTool.h; sourceTree = "<group>"; };
		FCE918FE24FB38F800CBB795 /* SLVideoTool.m */ = {isa = PBXFileReference; lastKnownFileType = sourcecode.c.objc; path = SLVideoTool.m; sourceTree = "<group>"; };
		FCE9190024FB393E00CBB795 /* OISamplebufferRef.h */ = {isa = PBXFileReference; lastKnownFileType = sourcecode.c.h; path = OISamplebufferRef.h; sourceTree = "<group>"; };
		FCE9190124FB393E00CBB795 /* OISamplebufferRef.m */ = {isa = PBXFileReference; lastKnownFileType = sourcecode.c.objc; path = OISamplebufferRef.m; sourceTree = "<group>"; };
		FCE9190324FB397800CBB795 /* PCMPlayer.h */ = {isa = PBXFileReference; lastKnownFileType = sourcecode.c.h; path = PCMPlayer.h; sourceTree = "<group>"; };
		FCE9190424FB397800CBB795 /* PCMPlayer.m */ = {isa = PBXFileReference; lastKnownFileType = sourcecode.c.objc; path = PCMPlayer.m; sourceTree = "<group>"; };
		FCE9190624FB3E8C00CBB795 /* SLVideoToolVC.h */ = {isa = PBXFileReference; lastKnownFileType = sourcecode.c.h; path = SLVideoToolVC.h; sourceTree = "<group>"; };
		FCE9190724FB3E8C00CBB795 /* SLVideoToolVC.m */ = {isa = PBXFileReference; lastKnownFileType = sourcecode.c.objc; path = SLVideoToolVC.m; sourceTree = "<group>"; };
		FCE9190924FB3ECD00CBB795 /* jointVideo.h */ = {isa = PBXFileReference; lastKnownFileType = sourcecode.c.h; path = jointVideo.h; sourceTree = "<group>"; };
		FCE9190A24FB3ECD00CBB795 /* jointVideo.m */ = {isa = PBXFileReference; lastKnownFileType = sourcecode.c.objc; path = jointVideo.m; sourceTree = "<group>"; };
/* End PBXFileReference section */

/* Begin PBXFrameworksBuildPhase section */
		FCD1D6D224DAF0F1007EED8C /* Frameworks */ = {
			isa = PBXFrameworksBuildPhase;
			buildActionMask = 2147483647;
			files = (
			);
			runOnlyForDeploymentPostprocessing = 0;
		};
		FCD1D6EF24DAF145007EED8C /* Frameworks */ = {
			isa = PBXFrameworksBuildPhase;
			buildActionMask = 2147483647;
			files = (
			);
			runOnlyForDeploymentPostprocessing = 0;
		};
/* End PBXFrameworksBuildPhase section */

/* Begin PBXGroup section */
		FC1090B824E775C900AC59AE /* View */ = {
			isa = PBXGroup;
			children = (
				FC8F429824E7B400006981B4 /* DKMediaSlider.h */,
				FC8F429B24E7B400006981B4 /* DKMediaSlider.m */,
				FC8F429A24E7B400006981B4 /* DKMediaSliderView.h */,
				FC8F429924E7B400006981B4 /* DKMediaSliderView.m */,
				FC8F429C24E7B400006981B4 /* DKMediaSliderView.xib */,
				FC1090C824E7824900AC59AE /* DKMediaPlayerView.h */,
				FC1090C924E7824900AC59AE /* DKMediaPlayerView.m */,
				FC1090C324E7783A00AC59AE /* DKMediaPlayerView.xib */,
			);
			path = View;
			sourceTree = "<group>";
		};
		FC1090B924E775D300AC59AE /* Model */ = {
			isa = PBXGroup;
			children = (
			);
			path = Model;
			sourceTree = "<group>";
		};
		FC1090BA24E775DA00AC59AE /* Controller */ = {
			isa = PBXGroup;
			children = (
				FC1090C524E7820F00AC59AE /* DKMediaPlayerVC.h */,
				FC1090C624E7820F00AC59AE /* DKMediaPlayerVC.m */,
			);
			path = Controller;
			sourceTree = "<group>";
		};
		FC3B897F24E76E3300743139 /* 完整的播放器 */ = {
			isa = PBXGroup;
			children = (
				FC1090BA24E775DA00AC59AE /* Controller */,
				FC1090B924E775D300AC59AE /* Model */,
				FC1090B824E775C900AC59AE /* View */,
			);
			path = "完整的播放器";
			sourceTree = "<group>";
		};
		FC8F42A024E7C019006981B4 /* Global */ = {
			isa = PBXGroup;
			children = (
				FC8F42A624E7C0F4006981B4 /* VideoAndAudioConst.h */,
				FC8F42A724E7C0F4006981B4 /* VideoAndAudioConst.m */,
				FC8F42A524E7C0AF006981B4 /* VideoAndAudio.pch */,
				FC8F42A324E7C084006981B4 /* UIView+Frame.h */,
				FC8F42A224E7C084006981B4 /* UIView+Frame.m */,
			);
			path = Global;
			sourceTree = "<group>";
		};
		FCAB452C24E78D4600C4014A /* Modules */ = {
			isa = PBXGroup;
			children = (
				FC3B897F24E76E3300743139 /* 完整的播放器 */,
			);
			path = Modules;
			sourceTree = "<group>";
		};
		FCAB452D24E78D5900C4014A /* Base */ = {
			isa = PBXGroup;
			children = (
				FCAB452E24E78D7500C4014A /* BaseViewVC.h */,
				FCAB452F24E78D7500C4014A /* BaseViewVC.m */,
			);
			path = Base;
			sourceTree = "<group>";
		};
		FCD1D64224DAE411007EED8C = {
			isa = PBXGroup;
			children = (
				FCD1D6D624DAF0F1007EED8C /* 媒体文件播放_OC */,
				FCD1D6F324DAF145007EED8C /* 媒体文件播放_Swift */,
				FCD1D64C24DAE411007EED8C /* Products */,
			);
			sourceTree = "<group>";
		};
		FCD1D64C24DAE411007EED8C /* Products */ = {
			isa = PBXGroup;
			children = (
				FCD1D6D524DAF0F1007EED8C /* 媒体文件播放_OC.app */,
				FCD1D6F224DAF145007EED8C /* 媒体文件播放_Swift.app */,
			);
			name = Products;
			sourceTree = "<group>";
		};
		FCD1D6D624DAF0F1007EED8C /* 媒体文件播放_OC */ = {
			isa = PBXGroup;
			children = (
				FC8F42A024E7C019006981B4 /* Global */,
				FCAB452D24E78D5900C4014A /* Base */,
				FCAB452C24E78D4600C4014A /* Modules */,
				FCD1D71B24E227B4007EED8C /* Controller */,
				FCD1D71A24E227AB007EED8C /* Model */,
				FCD1D71924E227A5007EED8C /* View */,
				FCD1D71024DE80E9007EED8C /* src */,
				FCD1D6D724DAF0F1007EED8C /* AppDelegate.h */,
				FCD1D6D824DAF0F1007EED8C /* AppDelegate.m */,
				FCD1D6DA24DAF0F1007EED8C /* SceneDelegate.h */,
				FCD1D6DB24DAF0F1007EED8C /* SceneDelegate.m */,
				FCD1D6DD24DAF0F1007EED8C /* MainVC.h */,
				FCD1D6DE24DAF0F1007EED8C /* MainVC.m */,
				FCD1D6E024DAF0F1007EED8C /* Main.storyboard */,
				FCD1D6E324DAF0F2007EED8C /* Assets.xcassets */,
				FCD1D6E524DAF0F2007EED8C /* LaunchScreen.storyboard */,
				FCD1D6E824DAF0F2007EED8C /* Info.plist */,
				FCD1D6E924DAF0F2007EED8C /* main.m */,
				FCD1D70624DE355F007EED8C /* readme.md */,
				FCE9190024FB393E00CBB795 /* OISamplebufferRef.h */,
				FCE9190124FB393E00CBB795 /* OISamplebufferRef.m */,
				FCE918FD24FB38F800CBB795 /* SLVideoTool.h */,
				FCE918FE24FB38F800CBB795 /* SLVideoTool.m */,
				FCE9190324FB397800CBB795 /* PCMPlayer.h */,
				FCE9190424FB397800CBB795 /* PCMPlayer.m */,
				FCE9190624FB3E8C00CBB795 /* SLVideoToolVC.h */,
				FCE9190724FB3E8C00CBB795 /* SLVideoToolVC.m */,
				FCE9190924FB3ECD00CBB795 /* jointVideo.h */,
				FCE9190A24FB3ECD00CBB795 /* jointVideo.m */,
			);
			path = "媒体文件播放_OC";
			sourceTree = "<group>";
		};
		FCD1D6F324DAF145007EED8C /* 媒体文件播放_Swift */ = {
			isa = PBXGroup;
			children = (
				FCD1D71424DE8BAA007EED8C /* src */,
				FCD1D6F424DAF145007EED8C /* AppDelegate.swift */,
				FCD1D6F624DAF145007EED8C /* SceneDelegate.swift */,
				FCD1D6F824DAF145007EED8C /* ViewController.swift */,
				FCD1D6FA24DAF145007EED8C /* Main.storyboard */,
				FCD1D6FD24DAF146007EED8C /* Assets.xcassets */,
				FCD1D6FF24DAF146007EED8C /* LaunchScreen.storyboard */,
				FCD1D70224DAF146007EED8C /* Info.plist */,
			);
			path = "媒体文件播放_Swift";
			sourceTree = "<group>";
		};
		FCD1D71924E227A5007EED8C /* View */ = {
			isa = PBXGroup;
			children = (
				FCD1D71C24E227DB007EED8C /* AVListCell.h */,
				FCD1D71D24E227DB007EED8C /* AVListCell.m */,
				FCD1D71E24E227DB007EED8C /* AVListCell.xib */,
			);
			path = View;
			sourceTree = "<group>";
		};
		FCD1D71A24E227AB007EED8C /* Model */ = {
			isa = PBXGroup;
			children = (
				FCD1D72124E227EE007EED8C /* AVListModel.h */,
				FCD1D72224E227EE007EED8C /* AVListModel.m */,
			);
			path = Model;
			sourceTree = "<group>";
		};
		FCD1D71B24E227B4007EED8C /* Controller */ = {
			isa = PBXGroup;
			children = (
				FCD1D71624E22000007EED8C /* AVPlayViewVC.h */,
				FCD1D71724E22000007EED8C /* AVPlayViewVC.m */,
				FCD1D72424E22C2D007EED8C /* AVPlayerPLocalVC.h */,
				FCD1D72524E22C2D007EED8C /* AVPlayerPLocalVC.m */,
				FC67D2E624E28D610083FC40 /* AVPlayerPAssetVC.h */,
				FC67D2E724E28D610083FC40 /* AVPlayerPAssetVC.m */,
				FC8F42A924EAB678006981B4 /* SysCameraLaunch.h */,
				FC8F42AA24EAB678006981B4 /* SysCameraLaunch.m */,
			);
			path = Controller;
			sourceTree = "<group>";
		};
/* End PBXGroup section */

/* Begin PBXNativeTarget section */
		FCD1D6D424DAF0F1007EED8C /* 媒体文件播放_OC */ = {
			isa = PBXNativeTarget;
			buildConfigurationList = FCD1D6EB24DAF0F2007EED8C /* Build configuration list for PBXNativeTarget "媒体文件播放_OC" */;
			buildPhases = (
				FCD1D6D124DAF0F1007EED8C /* Sources */,
				FCD1D6D224DAF0F1007EED8C /* Frameworks */,
				FCD1D6D324DAF0F1007EED8C /* Resources */,
			);
			buildRules = (
			);
			dependencies = (
			);
			name = "媒体文件播放_OC";
			productName = "媒体文件播放_OC";
			productReference = FCD1D6D524DAF0F1007EED8C /* 媒体文件播放_OC.app */;
			productType = "com.apple.product-type.application";
		};
		FCD1D6F124DAF145007EED8C /* 媒体文件播放_Swift */ = {
			isa = PBXNativeTarget;
			buildConfigurationList = FCD1D70324DAF146007EED8C /* Build configuration list for PBXNativeTarget "媒体文件播放_Swift" */;
			buildPhases = (
				FCD1D6EE24DAF145007EED8C /* Sources */,
				FCD1D6EF24DAF145007EED8C /* Frameworks */,
				FCD1D6F024DAF145007EED8C /* Resources */,
			);
			buildRules = (
			);
			dependencies = (
			);
			name = "媒体文件播放_Swift";
			productName = "媒体文件播放_Swift";
			productReference = FCD1D6F224DAF145007EED8C /* 媒体文件播放_Swift.app */;
			productType = "com.apple.product-type.application";
		};
/* End PBXNativeTarget section */

/* Begin PBXProject section */
		FCD1D64324DAE411007EED8C /* Project object */ = {
			isa = PBXProject;
			attributes = {
				LastSwiftUpdateCheck = 1130;
				LastUpgradeCheck = 1130;
				ORGANIZATIONNAME = "Space Zhong";
				TargetAttributes = {
					FCD1D6D424DAF0F1007EED8C = {
						CreatedOnToolsVersion = 11.3.1;
					};
					FCD1D6F124DAF145007EED8C = {
						CreatedOnToolsVersion = 11.3.1;
					};
				};
			};
			buildConfigurationList = FCD1D64624DAE411007EED8C /* Build configuration list for PBXProject "音视频基础" */;
			compatibilityVersion = "Xcode 9.3";
			developmentRegion = en;
			hasScannedForEncodings = 0;
			knownRegions = (
				en,
				Base,
			);
			mainGroup = FCD1D64224DAE411007EED8C;
			productRefGroup = FCD1D64C24DAE411007EED8C /* Products */;
			projectDirPath = "";
			projectRoot = "";
			targets = (
				FCD1D6D424DAF0F1007EED8C /* 媒体文件播放_OC */,
				FCD1D6F124DAF145007EED8C /* 媒体文件播放_Swift */,
			);
		};
/* End PBXProject section */

/* Begin PBXResourcesBuildPhase section */
		FCD1D6D324DAF0F1007EED8C /* Resources */ = {
			isa = PBXResourcesBuildPhase;
			buildActionMask = 2147483647;
			files = (
				FCD1D6E724DAF0F2007EED8C /* LaunchScreen.storyboard in Resources */,
				FCD1D6E424DAF0F2007EED8C /* Assets.xcassets in Resources */,
				FCD1D70724DE355F007EED8C /* readme.md in Resources */,
				FC8F429F24E7B401006981B4 /* DKMediaSliderView.xib in Resources */,
				FCD1D6E224DAF0F1007EED8C /* Main.storyboard in Resources */,
				FC1090C424E7783A00AC59AE /* DKMediaPlayerView.xib in Resources */,
				FCD1D72024E227DB007EED8C /* AVListCell.xib in Resources */,
				FCD1D71124DE80E9007EED8C /* src in Resources */,
			);
			runOnlyForDeploymentPostprocessing = 0;
		};
		FCD1D6F024DAF145007EED8C /* Resources */ = {
			isa = PBXResourcesBuildPhase;
			buildActionMask = 2147483647;
			files = (
				FCD1D70124DAF146007EED8C /* LaunchScreen.storyboard in Resources */,
				FCD1D6FE24DAF146007EED8C /* Assets.xcassets in Resources */,
				FCD1D6FC24DAF145007EED8C /* Main.storyboard in Resources */,
				FCD1D71524DE8BAA007EED8C /* src in Resources */,
			);
			runOnlyForDeploymentPostprocessing = 0;
		};
/* End PBXResourcesBuildPhase section */

/* Begin PBXSourcesBuildPhase section */
		FCD1D6D124DAF0F1007EED8C /* Sources */ = {
			isa = PBXSourcesBuildPhase;
			buildActionMask = 2147483647;
			files = (
				FCD1D71824E22000007EED8C /* AVPlayViewVC.m in Sources */,
				FCD1D6DF24DAF0F1007EED8C /* MainVC.m in Sources */,
				FC8F42A824E7C0F4006981B4 /* VideoAndAudioConst.m in Sources */,
				FCAB453024E78D7500C4014A /* BaseViewVC.m in Sources */,
				FCE9190824FB3E8C00CBB795 /* SLVideoToolVC.m in Sources */,
				FC8F42A424E7C084006981B4 /* UIView+Frame.m in Sources */,
				FC67D2E824E28D610083FC40 /* AVPlayerPAssetVC.m in Sources */,
				FCD1D71F24E227DB007EED8C /* AVListCell.m in Sources */,
				FCD1D6D924DAF0F1007EED8C /* AppDelegate.m in Sources */,
				FCE918FF24FB38F800CBB795 /* SLVideoTool.m in Sources */,
				FC8F42AB24EAB678006981B4 /* SysCameraLaunch.m in Sources */,
				FC1090C724E7820F00AC59AE /* DKMediaPlayerVC.m in Sources */,
				FCE9190224FB393E00CBB795 /* OISamplebufferRef.m in Sources */,
				FC1090CA24E7824900AC59AE /* DKMediaPlayerView.m in Sources */,
				FC8F429E24E7B401006981B4 /* DKMediaSlider.m in Sources */,
				FCD1D72624E22C2D007EED8C /* AVPlayerPLocalVC.m in Sources */,
				FCE9190B24FB3ECD00CBB795 /* jointVideo.m in Sources */,
				FCE9190524FB397800CBB795 /* PCMPlayer.m in Sources */,
				FC8F429D24E7B401006981B4 /* DKMediaSliderView.m in Sources */,
				FCD1D6EA24DAF0F2007EED8C /* main.m in Sources */,
				FCD1D72324E227EE007EED8C /* AVListModel.m in Sources */,
				FCD1D6DC24DAF0F1007EED8C /* SceneDelegate.m in Sources */,
			);
			runOnlyForDeploymentPostprocessing = 0;
		};
		FCD1D6EE24DAF145007EED8C /* Sources */ = {
			isa = PBXSourcesBuildPhase;
			buildActionMask = 2147483647;
			files = (
				FCD1D6F924DAF145007EED8C /* ViewController.swift in Sources */,
				FCD1D6F524DAF145007EED8C /* AppDelegate.swift in Sources */,
				FCD1D6F724DAF145007EED8C /* SceneDelegate.swift in Sources */,
			);
			runOnlyForDeploymentPostprocessing = 0;
		};
/* End PBXSourcesBuildPhase section */

/* Begin PBXVariantGroup section */
		FCD1D6E024DAF0F1007EED8C /* Main.storyboard */ = {
			isa = PBXVariantGroup;
			children = (
				FCD1D6E124DAF0F1007EED8C /* Base */,
			);
			name = Main.storyboard;
			sourceTree = "<group>";
		};
		FCD1D6E524DAF0F2007EED8C /* LaunchScreen.storyboard */ = {
			isa = PBXVariantGroup;
			children = (
				FCD1D6E624DAF0F2007EED8C /* Base */,
			);
			name = LaunchScreen.storyboard;
			sourceTree = "<group>";
		};
		FCD1D6FA24DAF145007EED8C /* Main.storyboard */ = {
			isa = PBXVariantGroup;
			children = (
				FCD1D6FB24DAF145007EED8C /* Base */,
			);
			name = Main.storyboard;
			sourceTree = "<group>";
		};
		FCD1D6FF24DAF146007EED8C /* LaunchScreen.storyboard */ = {
			isa = PBXVariantGroup;
			children = (
				FCD1D70024DAF146007EED8C /* Base */,
			);
			name = LaunchScreen.storyboard;
			sourceTree = "<group>";
		};
/* End PBXVariantGroup section */

/* Begin XCBuildConfiguration section */
		FCD1D65D24DAE412007EED8C /* Debug */ = {
			isa = XCBuildConfiguration;
			buildSettings = {
				ALWAYS_SEARCH_USER_PATHS = NO;
				CLANG_ANALYZER_NONNULL = YES;
				CLANG_ANALYZER_NUMBER_OBJECT_CONVERSION = YES_AGGRESSIVE;
				CLANG_CXX_LANGUAGE_STANDARD = "gnu++14";
				CLANG_CXX_LIBRARY = "libc++";
				CLANG_ENABLE_MODULES = YES;
				CLANG_ENABLE_OBJC_ARC = YES;
				CLANG_ENABLE_OBJC_WEAK = YES;
				CLANG_WARN_BLOCK_CAPTURE_AUTORELEASING = YES;
				CLANG_WARN_BOOL_CONVERSION = YES;
				CLANG_WARN_COMMA = YES;
				CLANG_WARN_CONSTANT_CONVERSION = YES;
				CLANG_WARN_DEPRECATED_OBJC_IMPLEMENTATIONS = YES;
				CLANG_WARN_DIRECT_OBJC_ISA_USAGE = YES_ERROR;
				CLANG_WARN_DOCUMENTATION_COMMENTS = YES;
				CLANG_WARN_EMPTY_BODY = YES;
				CLANG_WARN_ENUM_CONVERSION = YES;
				CLANG_WARN_INFINITE_RECURSION = YES;
				CLANG_WARN_INT_CONVERSION = YES;
				CLANG_WARN_NON_LITERAL_NULL_CONVERSION = YES;
				CLANG_WARN_OBJC_IMPLICIT_RETAIN_SELF = YES;
				CLANG_WARN_OBJC_LITERAL_CONVERSION = YES;
				CLANG_WARN_OBJC_ROOT_CLASS = YES_ERROR;
				CLANG_WARN_RANGE_LOOP_ANALYSIS = YES;
				CLANG_WARN_STRICT_PROTOTYPES = YES;
				CLANG_WARN_SUSPICIOUS_MOVE = YES;
				CLANG_WARN_UNGUARDED_AVAILABILITY = YES_AGGRESSIVE;
				CLANG_WARN_UNREACHABLE_CODE = YES;
				CLANG_WARN__DUPLICATE_METHOD_MATCH = YES;
				COPY_PHASE_STRIP = NO;
				DEBUG_INFORMATION_FORMAT = dwarf;
				ENABLE_STRICT_OBJC_MSGSEND = YES;
				ENABLE_TESTABILITY = YES;
				GCC_C_LANGUAGE_STANDARD = gnu11;
				GCC_DYNAMIC_NO_PIC = NO;
				GCC_NO_COMMON_BLOCKS = YES;
				GCC_OPTIMIZATION_LEVEL = 0;
				GCC_PREPROCESSOR_DEFINITIONS = (
					"DEBUG=1",
					"$(inherited)",
				);
				GCC_WARN_64_TO_32_BIT_CONVERSION = YES;
				GCC_WARN_ABOUT_RETURN_TYPE = YES_ERROR;
				GCC_WARN_UNDECLARED_SELECTOR = YES;
				GCC_WARN_UNINITIALIZED_AUTOS = YES_AGGRESSIVE;
				GCC_WARN_UNUSED_FUNCTION = YES;
				GCC_WARN_UNUSED_VARIABLE = YES;
				MACOSX_DEPLOYMENT_TARGET = 10.14;
				MTL_ENABLE_DEBUG_INFO = INCLUDE_SOURCE;
				MTL_FAST_MATH = YES;
				ONLY_ACTIVE_ARCH = YES;
				SDKROOT = macosx;
			};
			name = Debug;
		};
		FCD1D65E24DAE412007EED8C /* Release */ = {
			isa = XCBuildConfiguration;
			buildSettings = {
				ALWAYS_SEARCH_USER_PATHS = NO;
				CLANG_ANALYZER_NONNULL = YES;
				CLANG_ANALYZER_NUMBER_OBJECT_CONVERSION = YES_AGGRESSIVE;
				CLANG_CXX_LANGUAGE_STANDARD = "gnu++14";
				CLANG_CXX_LIBRARY = "libc++";
				CLANG_ENABLE_MODULES = YES;
				CLANG_ENABLE_OBJC_ARC = YES;
				CLANG_ENABLE_OBJC_WEAK = YES;
				CLANG_WARN_BLOCK_CAPTURE_AUTORELEASING = YES;
				CLANG_WARN_BOOL_CONVERSION = YES;
				CLANG_WARN_COMMA = YES;
				CLANG_WARN_CONSTANT_CONVERSION = YES;
				CLANG_WARN_DEPRECATED_OBJC_IMPLEMENTATIONS = YES;
				CLANG_WARN_DIRECT_OBJC_ISA_USAGE = YES_ERROR;
				CLANG_WARN_DOCUMENTATION_COMMENTS = YES;
				CLANG_WARN_EMPTY_BODY = YES;
				CLANG_WARN_ENUM_CONVERSION = YES;
				CLANG_WARN_INFINITE_RECURSION = YES;
				CLANG_WARN_INT_CONVERSION = YES;
				CLANG_WARN_NON_LITERAL_NULL_CONVERSION = YES;
				CLANG_WARN_OBJC_IMPLICIT_RETAIN_SELF = YES;
				CLANG_WARN_OBJC_LITERAL_CONVERSION = YES;
				CLANG_WARN_OBJC_ROOT_CLASS = YES_ERROR;
				CLANG_WARN_RANGE_LOOP_ANALYSIS = YES;
				CLANG_WARN_STRICT_PROTOTYPES = YES;
				CLANG_WARN_SUSPICIOUS_MOVE = YES;
				CLANG_WARN_UNGUARDED_AVAILABILITY = YES_AGGRESSIVE;
				CLANG_WARN_UNREACHABLE_CODE = YES;
				CLANG_WARN__DUPLICATE_METHOD_MATCH = YES;
				COPY_PHASE_STRIP = NO;
				DEBUG_INFORMATION_FORMAT = "dwarf-with-dsym";
				ENABLE_NS_ASSERTIONS = NO;
				ENABLE_STRICT_OBJC_MSGSEND = YES;
				GCC_C_LANGUAGE_STANDARD = gnu11;
				GCC_NO_COMMON_BLOCKS = YES;
				GCC_WARN_64_TO_32_BIT_CONVERSION = YES;
				GCC_WARN_ABOUT_RETURN_TYPE = YES_ERROR;
				GCC_WARN_UNDECLARED_SELECTOR = YES;
				GCC_WARN_UNINITIALIZED_AUTOS = YES_AGGRESSIVE;
				GCC_WARN_UNUSED_FUNCTION = YES;
				GCC_WARN_UNUSED_VARIABLE = YES;
				MACOSX_DEPLOYMENT_TARGET = 10.14;
				MTL_ENABLE_DEBUG_INFO = NO;
				MTL_FAST_MATH = YES;
				SDKROOT = macosx;
			};
			name = Release;
		};
		FCD1D6EC24DAF0F2007EED8C /* Debug */ = {
			isa = XCBuildConfiguration;
			buildSettings = {
				ASSETCATALOG_COMPILER_APPICON_NAME = AppIcon;
				CODE_SIGN_STYLE = Automatic;
				DEVELOPMENT_TEAM = 8U28P45B5T;
				GCC_PREFIX_HEADER = "$(PROJECT_DIR)/媒体文件播放_OC/Global/VideoAndAudio.pch";
				INFOPLIST_FILE = "媒体文件播放_OC/Info.plist";
				IPHONEOS_DEPLOYMENT_TARGET = 13.2;
				LD_RUNPATH_SEARCH_PATHS = (
					"$(inherited)",
					"@executable_path/Frameworks",
				);
				PRODUCT_BUNDLE_IDENTIFIER = "Space.-------OC";
				PRODUCT_NAME = "$(TARGET_NAME)";
				SDKROOT = iphoneos;
				TARGETED_DEVICE_FAMILY = "1,2";
			};
			name = Debug;
		};
		FCD1D6ED24DAF0F2007EED8C /* Release */ = {
			isa = XCBuildConfiguration;
			buildSettings = {
				ASSETCATALOG_COMPILER_APPICON_NAME = AppIcon;
				CODE_SIGN_STYLE = Automatic;
				DEVELOPMENT_TEAM = 8U28P45B5T;
				GCC_PREFIX_HEADER = "$(PROJECT_DIR)/媒体文件播放_OC/Global/VideoAndAudio.pch";
				INFOPLIST_FILE = "媒体文件播放_OC/Info.plist";
				IPHONEOS_DEPLOYMENT_TARGET = 13.2;
				LD_RUNPATH_SEARCH_PATHS = (
					"$(inherited)",
					"@executable_path/Frameworks",
				);
				PRODUCT_BUNDLE_IDENTIFIER = "Space.-------OC";
				PRODUCT_NAME = "$(TARGET_NAME)";
				SDKROOT = iphoneos;
				TARGETED_DEVICE_FAMILY = "1,2";
				VALIDATE_PRODUCT = YES;
			};
			name = Release;
		};
		FCD1D70424DAF146007EED8C /* Debug */ = {
			isa = XCBuildConfiguration;
			buildSettings = {
				ASSETCATALOG_COMPILER_APPICON_NAME = AppIcon;
				CODE_SIGN_STYLE = Automatic;
				DEVELOPMENT_TEAM = 8U28P45B5T;
				INFOPLIST_FILE = "媒体文件播放_Swift/Info.plist";
				IPHONEOS_DEPLOYMENT_TARGET = 13.2;
				LD_RUNPATH_SEARCH_PATHS = (
					"$(inherited)",
					"@executable_path/Frameworks",
				);
				PRODUCT_BUNDLE_IDENTIFIER = "Space.-------Swift";
				PRODUCT_NAME = "$(TARGET_NAME)";
				SDKROOT = iphoneos;
				SWIFT_ACTIVE_COMPILATION_CONDITIONS = DEBUG;
				SWIFT_OPTIMIZATION_LEVEL = "-Onone";
				SWIFT_VERSION = 5.0;
				TARGETED_DEVICE_FAMILY = "1,2";
			};
			name = Debug;
		};
		FCD1D70524DAF146007EED8C /* Release */ = {
			isa = XCBuildConfiguration;
			buildSettings = {
				ASSETCATALOG_COMPILER_APPICON_NAME = AppIcon;
				CODE_SIGN_STYLE = Automatic;
				DEVELOPMENT_TEAM = 8U28P45B5T;
				INFOPLIST_FILE = "媒体文件播放_Swift/Info.plist";
				IPHONEOS_DEPLOYMENT_TARGET = 13.2;
				LD_RUNPATH_SEARCH_PATHS = (
					"$(inherited)",
					"@executable_path/Frameworks",
				);
				PRODUCT_BUNDLE_IDENTIFIER = "Space.-------Swift";
				PRODUCT_NAME = "$(TARGET_NAME)";
				SDKROOT = iphoneos;
				SWIFT_COMPILATION_MODE = wholemodule;
				SWIFT_OPTIMIZATION_LEVEL = "-O";
				SWIFT_VERSION = 5.0;
				TARGETED_DEVICE_FAMILY = "1,2";
				VALIDATE_PRODUCT = YES;
			};
			name = Release;
		};
/* End XCBuildConfiguration section */

/* Begin XCConfigurationList section */
		FCD1D64624DAE411007EED8C /* Build configuration list for PBXProject "音视频基础" */ = {
			isa = XCConfigurationList;
			buildConfigurations = (
				FCD1D65D24DAE412007EED8C /* Debug */,
				FCD1D65E24DAE412007EED8C /* Release */,
			);
			defaultConfigurationIsVisible = 0;
			defaultConfigurationName = Release;
		};
		FCD1D6EB24DAF0F2007EED8C /* Build configuration list for PBXNativeTarget "媒体文件播放_OC" */ = {
			isa = XCConfigurationList;
			buildConfigurations = (
				FCD1D6EC24DAF0F2007EED8C /* Debug */,
				FCD1D6ED24DAF0F2007EED8C /* Release */,
			);
			defaultConfigurationIsVisible = 0;
			defaultConfigurationName = Release;
		};
		FCD1D70324DAF146007EED8C /* Build configuration list for PBXNativeTarget "媒体文件播放_Swift" */ = {
			isa = XCConfigurationList;
			buildConfigurations = (
				FCD1D70424DAF146007EED8C /* Debug */,
				FCD1D70524DAF146007EED8C /* Release */,
			);
			defaultConfigurationIsVisible = 0;
			defaultConfigurationName = Release;
		};
/* End XCConfigurationList section */
	};
	rootObject = FCD1D64324DAE411007EED8C /* Project object */;
}
